
Microsoft Visual Studio Solution File, Format Version 12.00
# Visual Studio Version 17
VisualStudioVersion = 17.11.35327.3
MinimumVisualStudioVersion = 10.0.40219.1
Project("{FAE04EC0-301F-11D3-BF4B-00C04F79EFBC}") = "EShopService", "EShopService\EShopService.csproj", "{96150CED-B79E-43E9-AB8E-6444F86E4615}"
EndProject
Project("{FAE04EC0-301F-11D3-BF4B-00C04F79EFBC}") = "EShop.Application", "EShop.Application\EShop.Application.csproj", "{F83718BC-54DB-4888-A562-DC1F51A5D47D}"
EndProject
Project("{FAE04EC0-301F-11D3-BF4B-00C04F79EFBC}") = "EShop.Application.Tests", "EShop.Application.Tests\EShop.Application.Tests.csproj", "{04009AE6-38C7-4047-A2A6-F5FAF93B7100}"
EndProject
Project("{FAE04EC0-301F-11D3-BF4B-00C04F79EFBC}") = "EShop.Domain", "EShop.Domain\EShop.Domain.csproj", "{5C45F241-21E2-4AD4-8BF2-1426EE242B17}"
EndProject
Project("{FAE04EC0-301F-11D3-BF4B-00C04F79EFBC}") = "EShop.Domain.Tests", "EShop.Domain.Tests\EShop.Domain.Tests.csproj", "{6E6A2730-E2B3-492E-8A81-DFBC36F8CB00}"
EndProject
Global
	GlobalSection(SolutionConfigurationPlatforms) = preSolution
		Debug|Any CPU = Debug|Any CPU
		Release|Any CPU = Release|Any CPU
	EndGlobalSection
	GlobalSection(ProjectConfigurationPlatforms) = postSolution
		{96150CED-B79E-43E9-AB8E-6444F86E4615}.Debug|Any CPU.ActiveCfg = Debug|Any CPU
		{96150CED-B79E-43E9-AB8E-6444F86E4615}.Debug|Any CPU.Build.0 = Debug|Any CPU
		{96150CED-B79E-43E9-AB8E-6444F86E4615}.Release|Any CPU.ActiveCfg = Release|Any CPU
		{96150CED-B79E-43E9-AB8E-6444F86E4615}.Release|Any CPU.Build.0 = Release|Any CPU
		{F83718BC-54DB-4888-A562-DC1F51A5D47D}.Debug|Any CPU.ActiveCfg = Debug|Any CPU
		{F83718BC-54DB-4888-A562-DC1F51A5D47D}.Debug|Any CPU.Build.0 = Debug|Any CPU
		{F83718BC-54DB-4888-A562-DC1F51A5D47D}.Release|Any CPU.ActiveCfg = Release|Any CPU
		{F83718BC-54DB-4888-A562-DC1F51A5D47D}.Release|Any CPU.Build.0 = Release|Any CPU
		{04009AE6-38C7-4047-A2A6-F5FAF93B7100}.Debug|Any CPU.ActiveCfg = Debug|Any CPU
		{04009AE6-38C7-4047-A2A6-F5FAF93B7100}.Debug|Any CPU.Build.0 = Debug|Any CPU
		{04009AE6-38C7-4047-A2A6-F5FAF93B7100}.Release|Any CPU.ActiveCfg = Release|Any CPU
		{04009AE6-38C7-4047-A2A6-F5FAF93B7100}.Release|Any CPU.Build.0 = Release|Any CPU
		{5C45F241-21E2-4AD4-8BF2-1426EE242B17}.Debug|Any CPU.ActiveCfg = Debug|Any CPU
		{5C45F241-21E2-4AD4-8BF2-1426EE242B17}.Debug|Any CPU.Build.0 = Debug|Any CPU
		{5C45F241-21E2-4AD4-8BF2-1426EE242B17}.Release|Any CPU.ActiveCfg = Release|Any CPU
		{5C45F241-21E2-4AD4-8BF2-1426EE242B17}.Release|Any CPU.Build.0 = Release|Any CPU
		{6E6A2730-E2B3-492E-8A81-DFBC36F8CB00}.Debug|Any CPU.ActiveCfg = Debug|Any CPU
		{6E6A2730-E2B3-492E-8A81-DFBC36F8CB00}.Debug|Any CPU.Build.0 = Debug|Any CPU
		{6E6A2730-E2B3-492E-8A81-DFBC36F8CB00}.Release|Any CPU.ActiveCfg = Release|Any CPU
		{6E6A2730-E2B3-492E-8A81-DFBC36F8CB00}.Release|Any CPU.Build.0 = Release|Any CPU
	EndGlobalSection
	GlobalSection(SolutionProperties) = preSolution
		HideSolutionNode = FALSE
	EndGlobalSection
	GlobalSection(ExtensibilityGlobals) = postSolution
		SolutionGuid = {3B82FB6A-67CB-4713-937C-8BBB0D5D2EA1}
	EndGlobalSection
EndGlobal
